
Microsoft Visual Studio Solution File, Format Version 9.00
# Visual Studio 2005
Project("{FAE04EC0-301F-11D3-BF4B-00C04F79EFBC}") = "SuperPag", "SuperPag\SuperPag.csproj", "{E95DEDC1-0E46-4194-8280-069E9C8B9353}"
EndProject
Project("{FAE04EC0-301F-11D3-BF4B-00C04F79EFBC}") = "SuperPag.Controller", "SuperPag.Controller\SuperPag.Controller.csproj", "{E9690A2C-0AAE-4337-85F3-B923887130DF}"
EndProject
Project("{FAE04EC0-301F-11D3-BF4B-00C04F79EFBC}") = "SuperPag.Framework", "SuperPag.Framework\SuperPag.Framework.csproj", "{FC32C14C-F516-4BC2-88CC-C500F70FF278}"
EndProject
Project("{E24C65DC-7377-472B-9ABA-BC803B73C61A}") = "http://localhost/Controller/", "http://localhost/Controller", "{8AEBDCC0-5A84-4CD1-A88A-F51469C207C3}"
	ProjectSection(WebsiteProperties) = preProject
		SccProjectName = ""$/VERATATIVIT.ssa/SuperPag.root/SuperPag.Controller", LVDAAAAA"
		SccAuxPath = ""
		SccLocalPath = "."
		SccProvider = "MSSCCI:Microsoft Visual SourceSafe"
		Debug.AspNetCompiler.VirtualPath = "/Controller"
		Debug.AspNetCompiler.PhysicalPath = "WebSites\Controller\"
		Debug.AspNetCompiler.TargetPath = "PrecompiledWeb\Controller\"
		Debug.AspNetCompiler.Updateable = "true"
		Debug.AspNetCompiler.ForceOverwrite = "true"
		Debug.AspNetCompiler.FixedNames = "false"
		Debug.AspNetCompiler.Debug = "True"
		Release.AspNetCompiler.VirtualPath = "/Controller"
		Release.AspNetCompiler.PhysicalPath = "WebSites\Controller\"
		Release.AspNetCompiler.TargetPath = "PrecompiledWeb\Controller\"
		Release.AspNetCompiler.Updateable = "true"
		Release.AspNetCompiler.ForceOverwrite = "true"
		Release.AspNetCompiler.FixedNames = "false"
		Release.AspNetCompiler.Debug = "False"
		SlnRelativePath = "WebSites\Controller\"
	EndProjectSection
EndProject
Project("{E24C65DC-7377-472B-9ABA-BC803B73C61A}") = "http://localhost/Lojinha/", "http://localhost/Lojinha", "{37987A6D-86DB-44AC-A60C-BEF77FB7CCB6}"
	ProjectSection(WebsiteProperties) = preProject
		SccProjectName = ""$/VERATATIVIT.ssa/SuperPag.root/WebSites/Lojinha", FBFAAAAA"
		SccAuxPath = ""
		SccLocalPath = "."
		SccProvider = "MSSCCI:Microsoft Visual SourceSafe"
		Debug.AspNetCompiler.VirtualPath = "/Lojinha"
		Debug.AspNetCompiler.PhysicalPath = "Lojinha\"
		Debug.AspNetCompiler.TargetPath = "PrecompiledWeb\Lojinha\"
		Debug.AspNetCompiler.Updateable = "true"
		Debug.AspNetCompiler.ForceOverwrite = "true"
		Debug.AspNetCompiler.FixedNames = "false"
		Debug.AspNetCompiler.Debug = "True"
		Release.AspNetCompiler.VirtualPath = "/Lojinha"
		Release.AspNetCompiler.PhysicalPath = "Lojinha\"
		Release.AspNetCompiler.TargetPath = "PrecompiledWeb\Lojinha\"
		Release.AspNetCompiler.Updateable = "true"
		Release.AspNetCompiler.ForceOverwrite = "true"
		Release.AspNetCompiler.FixedNames = "false"
		Release.AspNetCompiler.Debug = "False"
		SlnRelativePath = "Lojinha\"
	EndProjectSection
EndProject
Project("{E24C65DC-7377-472B-9ABA-BC803B73C61A}") = "http://localhost/Services/", "http://localhost/Services", "{256AFE1F-93C2-4E51-BEFC-7060383A4544}"
	ProjectSection(WebsiteProperties) = preProject
		SccProjectName = ""$/VERATATIVIT.ssa/SuperPag.root/WebSites/Services", GBFAAAAA"
		SccAuxPath = ""
		SccLocalPath = "."
		SccProvider = "MSSCCI:Microsoft Visual SourceSafe"
		ProjectReferences = "{E95DEDC1-0E46-4194-8280-069E9C8B9353}|SuperPag.dll;"
		Debug.AspNetCompiler.VirtualPath = "/Services"
		Debug.AspNetCompiler.PhysicalPath = "Services\"
		Debug.AspNetCompiler.TargetPath = "PrecompiledWeb\Services\"
		Debug.AspNetCompiler.Updateable = "true"
		Debug.AspNetCompiler.ForceOverwrite = "true"
		Debug.AspNetCompiler.FixedNames = "false"
		Debug.AspNetCompiler.Debug = "True"
		Release.AspNetCompiler.VirtualPath = "/Services"
		Release.AspNetCompiler.PhysicalPath = "Services\"
		Release.AspNetCompiler.TargetPath = "PrecompiledWeb\Services\"
		Release.AspNetCompiler.Updateable = "true"
		Release.AspNetCompiler.ForceOverwrite = "true"
		Release.AspNetCompiler.FixedNames = "false"
		Release.AspNetCompiler.Debug = "False"
		SlnRelativePath = "Services\"
	EndProjectSection
EndProject
Project("{E24C65DC-7377-472B-9ABA-BC803B73C61A}") = "http://localhost/StoreTest/", "http://localhost/StoreTest", "{D10ED988-9742-454D-8201-E6732A4F2F3F}"
	ProjectSection(WebsiteProperties) = preProject
		SccProjectName = ""$/VERATATIVIT.ssa/SuperPag.root/WebSites/StoreTest", HBFAAAAA"
		SccAuxPath = ""
		SccLocalPath = "."
		SccProvider = "MSSCCI:Microsoft Visual SourceSafe"
		ProjectReferences = "{E95DEDC1-0E46-4194-8280-069E9C8B9353}|SuperPag.dll;"
		Debug.AspNetCompiler.VirtualPath = "/StoreTest"
		Debug.AspNetCompiler.PhysicalPath = "StoreTest\"
		Debug.AspNetCompiler.TargetPath = "PrecompiledWeb\StoreTest\"
		Debug.AspNetCompiler.Updateable = "true"
		Debug.AspNetCompiler.ForceOverwrite = "true"
		Debug.AspNetCompiler.FixedNames = "false"
		Debug.AspNetCompiler.Debug = "True"
		Release.AspNetCompiler.VirtualPath = "/StoreTest"
		Release.AspNetCompiler.PhysicalPath = "StoreTest\"
		Release.AspNetCompiler.TargetPath = "PrecompiledWeb\StoreTest\"
		Release.AspNetCompiler.Updateable = "true"
		Release.AspNetCompiler.ForceOverwrite = "true"
		Release.AspNetCompiler.FixedNames = "false"
		Release.AspNetCompiler.Debug = "False"
		SlnRelativePath = "StoreTest\"
	EndProjectSection
EndProject
Project("{FAE04EC0-301F-11D3-BF4B-00C04F79EFBC}") = "CapturaVBV", "Jobs\CapturaVBV\CapturaVBV.csproj", "{16D71632-35FE-4DAA-B089-58002D309B7C}"
EndProject
Project("{FAE04EC0-301F-11D3-BF4B-00C04F79EFBC}") = "Posts", "Jobs\Posts\Posts.csproj", "{28456CD4-73FD-4ACC-AB9C-C2E9FD1323A3}"
EndProject
Project("{FAE04EC0-301F-11D3-BF4B-00C04F79EFBC}") = "PostsNaoConfirmados", "Jobs\PostsNaoConfirmados\PostsNaoConfirmados.csproj", "{AB2451C6-3A27-46EA-B467-AC3009E9D3CF}"
EndProject
Project("{FAE04EC0-301F-11D3-BF4B-00C04F79EFBC}") = "RetornoBoletos", "Jobs\RetornoBoletos\RetornoBoletos.csproj", "{ED3D6883-DFB4-49F0-A333-A7919B4995F4}"
EndProject
Project("{FAE04EC0-301F-11D3-BF4B-00C04F79EFBC}") = "Schedule", "Jobs\Schedule\Schedule.csproj", "{ABC67C6E-36B9-46C6-BAA1-D7932743D6C4}"
EndProject
Project("{FAE04EC0-301F-11D3-BF4B-00C04F79EFBC}") = "SondaComercioEletronicoBB", "Jobs\SondaComercioEletronicoBB\SondaComercioEletronicoBB.csproj", "{7F3074C5-75CE-46DE-A7A6-2DF279B5FC1C}"
EndProject
Project("{FAE04EC0-301F-11D3-BF4B-00C04F79EFBC}") = "SondaFinanciamentoABN", "Jobs\SondaFinanciamentoABN\SondaFinanciamentoABN.csproj", "{C57D4F51-D03D-421C-97C5-7873444D1CEA}"
EndProject
Project("{FAE04EC0-301F-11D3-BF4B-00C04F79EFBC}") = "SondaItauShopline", "Jobs\SondaItauShopline\SondaItauShopline.csproj", "{68BB731B-D175-496A-BC02-E60EE9CD6DBC}"
EndProject
Project("{FAE04EC0-301F-11D3-BF4B-00C04F79EFBC}") = "SondaVBV", "Jobs\SondaVBV\SondaVBV.csproj", "{0E946E7F-6DD3-4C48-BE8A-BD7C0E864384}"
EndProject
Project("{FAE04EC0-301F-11D3-BF4B-00C04F79EFBC}") = "LegacyImporter", "Tools\LegacyImporter\LegacyImporter.csproj", "{94ACA7C1-5080-400C-9B03-02E87DEF85A4}"
EndProject
Project("{2150E333-8FDC-42A3-9474-1A3956D46DE8}") = "Jobs", "Jobs", "{17DEA47C-052A-46F1-8EAC-F82709C03387}"
EndProject
Project("{2150E333-8FDC-42A3-9474-1A3956D46DE8}") = "Libs", "Libs", "{8930A251-494F-428B-8686-5832EBDDE85C}"
EndProject
Project("{2150E333-8FDC-42A3-9474-1A3956D46DE8}") = "Testers", "Testers", "{C31E9EDF-F5A4-41DA-A397-F981D8D061AC}"
EndProject
Project("{2150E333-8FDC-42A3-9474-1A3956D46DE8}") = "WebSites", "WebSites", "{17A318F0-BE1B-4F8B-A376-382BFF1AA65B}"
EndProject
Project("{2150E333-8FDC-42A3-9474-1A3956D46DE8}") = "Tools", "Tools", "{C8B21078-766B-4B28-82B8-F787E8B65B39}"
EndProject
Project("{FAE04EC0-301F-11D3-BF4B-00C04F79EFBC}") = "XekaTid", "Tools\XekaTid\XekaTid.csproj", "{3B24ED20-45EF-4B05-A483-4EFE1BE59D2A}"
EndProject
Project("{FAE04EC0-301F-11D3-BF4B-00C04F79EFBC}") = "RetornoDepIdentificado", "Jobs\RetornoDepIdentificado\RetornoDepIdentificado.csproj", "{1D56588F-2BC2-41F2-A7F6-4B898722D6CA}"
EndProject
Project("{2150E333-8FDC-42A3-9474-1A3956D46DE8}") = "Database", "Database", "{11961005-B570-4171-8345-E7E3FB9690F1}"
EndProject
Project("{E24C65DC-7377-472B-9ABA-BC803B73C61A}") = "http://localhost/SuperPagAdm/", "http://localhost/SuperPagAdm", "{53DAA053-DE02-4585-AAEF-73CDF6CC945F}"
	ProjectSection(WebsiteProperties) = preProject
		SccProjectName = ""$/VERATATIVIT.ssa/SuperPag.root/WebSites/SuperPagAdm", JBFAAAAA"
		SccAuxPath = ""
		SccLocalPath = "."
		SccProvider = "MSSCCI:Microsoft Visual SourceSafe"
		ProjectReferences = "{E95DEDC1-0E46-4194-8280-069E9C8B9353}|SuperPag.dll;"
		Debug.AspNetCompiler.VirtualPath = "/SuperPagAdm"
		Debug.AspNetCompiler.PhysicalPath = "SuperPagAdm\"
		Debug.AspNetCompiler.TargetPath = "PrecompiledWeb\SuperPagAdm\"
		Debug.AspNetCompiler.Updateable = "true"
		Debug.AspNetCompiler.ForceOverwrite = "true"
		Debug.AspNetCompiler.FixedNames = "false"
		Debug.AspNetCompiler.Debug = "True"
		Release.AspNetCompiler.VirtualPath = "/SuperPagAdm"
		Release.AspNetCompiler.PhysicalPath = "SuperPagAdm\"
		Release.AspNetCompiler.TargetPath = "PrecompiledWeb\SuperPagAdm\"
		Release.AspNetCompiler.Updateable = "true"
		Release.AspNetCompiler.ForceOverwrite = "true"
		Release.AspNetCompiler.FixedNames = "false"
		Release.AspNetCompiler.Debug = "False"
		SlnRelativePath = "SuperPagAdm\"
	EndProjectSection
EndProject
Project("{FAE04EC0-301F-11D3-BF4B-00C04F79EFBC}") = "EmailNaoConfirmados", "Jobs\EmailNaoConfirmados\EmailNaoConfirmados.csproj", "{9D510A88-3419-40A3-8BB6-CCA96B63804A}"
EndProject
Project("{FAE04EC0-301F-11D3-BF4B-00C04F79EFBC}") = "EnviaArqCorreio", "Jobs\EnviaArqCorreio\EnviaArqCorreio.csproj", "{7B7966AC-FD89-4094-8D85-7A1BDBA415B8}"
EndProject
Project("{FAE04EC0-301F-11D3-BF4B-00C04F79EFBC}") = "RecebimentoArquivoCSU", "Jobs\RecebimentoArquivo\RecebimentoArquivoCSU.csproj", "{3B32264F-E8D2-4081-B90A-D9ABFC9C2B6F}"
EndProject
Project("{FAE04EC0-301F-11D3-BF4B-00C04F79EFBC}") = "RetornoDebContaCorrente", "Jobs\RetornoDebContaCorrente\RetornoDebContaCorrente.csproj", "{495742B1-8972-4085-B66A-C7BA5441EE7B}"
EndProject
Global
	GlobalSection(SourceCodeControl) = preSolution
		SccNumberOfProjects = 25
		SccLocalPath0 = .
		SccProjectUniqueName1 = SuperPag\\SuperPag.csproj
		SccProjectTopLevelParentUniqueName1 = SuperPag.sln
		SccProjectName1 = \u0022$/VERATATIVIT.ssa/SuperPag.root/SuperPag\u0022,\u0020KVDAAAAA
		SccLocalPath1 = SuperPag
		SccProjectUniqueName2 = SuperPag.Controller\\SuperPag.Controller.csproj
		SccProjectTopLevelParentUniqueName2 = SuperPag.sln
		SccProjectName2 = \u0022$/VERATATIVIT.ssa/SuperPag.root/SuperPag.Controller\u0022,\u0020LVDAAAAA
		SccLocalPath2 = SuperPag.Controller
		SccProjectUniqueName3 = SuperPag.Framework\\SuperPag.Framework.csproj
		SccProjectTopLevelParentUniqueName3 = SuperPag.sln
		SccProjectName3 = \u0022$/VERATATIVIT.ssa/SuperPag.root/SuperPag.Framework\u0022,\u0020MVDAAAAA
		SccLocalPath3 = SuperPag.Framework
		SccProjectUniqueName4 = Jobs\\CapturaVBV\\CapturaVBV.csproj
		SccProjectTopLevelParentUniqueName4 = SuperPag.sln
		SccProjectName4 = \u0022$/VERATATIVIT.ssa/SuperPag.root/Jobs/CapturaVBV\u0022,\u0020BWDAAAAA
		SccLocalPath4 = Jobs\\CapturaVBV
		SccProjectUniqueName5 = Jobs\\Posts\\Posts.csproj
		SccProjectTopLevelParentUniqueName5 = SuperPag.sln
		SccProjectName5 = \u0022$/VERATATIVIT.ssa/SuperPag.root/Jobs/Posts\u0022,\u0020DWDAAAAA
		SccLocalPath5 = Jobs\\Posts
		SccProjectUniqueName6 = Jobs\\PostsNaoConfirmados\\PostsNaoConfirmados.csproj
		SccProjectTopLevelParentUniqueName6 = SuperPag.sln
		SccProjectName6 = \u0022$/VERATATIVIT.ssa/SuperPag.root/Jobs/PostsNaoConfirmados\u0022,\u0020EWDAAAAA
		SccLocalPath6 = Jobs\\PostsNaoConfirmados
		SccProjectUniqueName7 = Jobs\\RetornoBoletos\\RetornoBoletos.csproj
		SccProjectTopLevelParentUniqueName7 = SuperPag.sln
		SccProjectName7 = \u0022$/VERATATIVIT.ssa/SuperPag.root/Jobs/RetornoBoletos\u0022,\u0020FWDAAAAA
		SccLocalPath7 = Jobs\\RetornoBoletos
		SccProjectUniqueName8 = Jobs\\Schedule\\Schedule.csproj
		SccProjectTopLevelParentUniqueName8 = SuperPag.sln
		SccProjectName8 = \u0022$/VERATATIVIT.ssa/SuperPag.root/Jobs/Schedule\u0022,\u0020HWDAAAAA
		SccLocalPath8 = Jobs\\Schedule
		SccProjectUniqueName9 = Jobs\\SondaComercioEletronicoBB\\SondaComercioEletronicoBB.csproj
		SccProjectTopLevelParentUniqueName9 = SuperPag.sln
		SccProjectName9 = \u0022$/VERATATIVIT.ssa/SuperPag.root/Jobs/SondaComercioEletronicoBB\u0022,\u0020IWDAAAAA
		SccLocalPath9 = Jobs\\SondaComercioEletronicoBB
		SccProjectUniqueName10 = Jobs\\SondaFinanciamentoABN\\SondaFinanciamentoABN.csproj
		SccProjectTopLevelParentUniqueName10 = SuperPag.sln
		SccProjectName10 = \u0022$/VERATATIVIT.ssa/SuperPag.root/Jobs/SondaFinanciamentoABN\u0022,\u0020JWDAAAAA
		SccLocalPath10 = Jobs\\SondaFinanciamentoABN
		SccProjectUniqueName11 = Jobs\\SondaItauShopline\\SondaItauShopline.csproj
		SccProjectTopLevelParentUniqueName11 = SuperPag.sln
		SccProjectName11 = \u0022$/VERATATIVIT.ssa/SuperPag.root/Jobs/SondaItauShopline\u0022,\u0020KWDAAAAA
		SccLocalPath11 = Jobs\\SondaItauShopline
		SccProjectUniqueName12 = Jobs\\SondaVBV\\SondaVBV.csproj
		SccProjectTopLevelParentUniqueName12 = SuperPag.sln
		SccProjectName12 = \u0022$/VERATATIVIT.ssa/SuperPag.root/Jobs/SondaVBV\u0022,\u0020LWDAAAAA
		SccLocalPath12 = Jobs\\SondaVBV
		SccProjectUniqueName13 = Tools\\LegacyImporter\\LegacyImporter.csproj
		SccProjectTopLevelParentUniqueName13 = SuperPag.sln
		SccProjectName13 = \u0022$/VERATATIVIT.ssa/SuperPag.root/Tools/LegacyImporter\u0022,\u0020ZYEAAAAA
		SccLocalPath13 = Tools\\LegacyImporter
		SccProjectUniqueName14 = Tools\\XekaTid\\XekaTid.csproj
		SccProjectTopLevelParentUniqueName14 = SuperPag.sln
		SccProjectName14 = \u0022$/VERATATIVIT.ssa/SuperPag.root/Tools/XekaTid\u0022,\u0020AAFAAAAA
		SccLocalPath14 = Tools\\XekaTid
		SccProjectUniqueName15 = Jobs\\RetornoDepIdentificado\\RetornoDepIdentificado.csproj
		SccProjectTopLevelParentUniqueName15 = SuperPag.sln
		SccProjectName15 = \u0022$/VERATATIVIT.ssa/SuperPag.root/Jobs/RetornoDepIdentificado\u0022,\u0020GWDAAAAA
		SccLocalPath15 = Jobs\\RetornoDepIdentificado
		SccProjectUniqueName16 = Jobs\\EmailNaoConfirmados\\EmailNaoConfirmados.csproj
		SccProjectTopLevelParentUniqueName16 = SuperPag.sln
		SccProjectName16 = \u0022$/VERATATIVIT.ssa/SuperPag.root/Jobs/EmailNaoConfirmados\u0022,\u0020OQHAAAAA
		SccLocalPath16 = Jobs\\EmailNaoConfirmados
		SccProjectUniqueName17 = Jobs\\EnviaArqCorreio\\EnviaArqCorreio.csproj
		SccProjectTopLevelParentUniqueName17 = SuperPag.sln
		SccProjectName17 = \u0022$/VERATATIVIT.ssa/SuperPag.root/Jobs/EnviaArqCorreio\u0022,\u0020PQHAAAAA
		SccLocalPath17 = Jobs\\EnviaArqCorreio
		SccProjectUniqueName18 = Jobs\\RecebimentoArquivo\\RecebimentoArquivoCSU.csproj
		SccProjectTopLevelParentUniqueName18 = SuperPag.sln
		SccProjectName18 = \u0022$/VERATATIVIT.ssa/SuperPag.root/Jobs/RecebimentoArquivo\u0022,\u0020QRHAAAAA
		SccLocalPath18 = Jobs\\RecebimentoArquivo
		SccProjectUniqueName19 = Jobs\\RetornoDebContaCorrente\\RetornoDebContaCorrente.csproj
		SccProjectTopLevelParentUniqueName19 = SuperPag.sln
		SccProjectName19 = \u0022$/VERATATIVIT.ssa/SuperPag.root/Jobs/RetornoDebContaCorrente\u0022,\u0020WTHAAAAA
		SccLocalPath19 = Jobs\\RetornoDebContaCorrente
		SccWebProject20 = true
		SccProjectUniqueName20 = http://localhost/Lojinha
		SccProjectTopLevelParentUniqueName20 = SuperPag.sln
		SccProjectName20 = \u0022$/VERATATIVIT.ssa/SuperPag.root/WebSites/Lojinha\u0022,\u0020FBFAAAAA
		SccLocalPath20 = http://localhost/Lojinha/
		SccProjectEnlistmentChoice20 = 2
		SccWebProject21 = true
		SccProjectUniqueName21 = http://localhost/Services
		SccProjectTopLevelParentUniqueName21 = SuperPag.sln
		SccProjectName21 = \u0022$/VERATATIVIT.ssa/SuperPag.root/WebSites/Services\u0022,\u0020GBFAAAAA
		SccLocalPath21 = http://localhost/Services/
		SccProjectEnlistmentChoice21 = 2
		SccWebProject22 = true
		SccProjectUniqueName22 = http://localhost/StoreTest
		SccProjectTopLevelParentUniqueName22 = SuperPag.sln
		SccProjectName22 = \u0022$/VERATATIVIT.ssa/SuperPag.root/WebSites/StoreTest\u0022,\u0020HBFAAAAA
		SccLocalPath22 = http://localhost/StoreTest/
		SccProjectEnlistmentChoice22 = 2
		SccWebProject23 = true
		SccProjectUniqueName23 = http://localhost/Controller
		SccProjectTopLevelParentUniqueName23 = SuperPag.sln
		SccProjectName23 = \u0022$/VERATATIVIT.ssa/SuperPag.root/SuperPag.Controller\u0022,\u0020LVDAAAAA
		SccLocalPath23 = http://localhost/Controller/
		SccProjectEnlistmentChoice23 = 2
		SccWebProject24 = true
		SccProjectUniqueName24 = http://localhost/SuperPagAdm
		SccProjectTopLevelParentUniqueName24 = SuperPag.sln
		SccProjectName24 = \u0022$/VERATATIVIT.ssa/SuperPag.root/WebSites/SuperPagAdm\u0022,\u0020JBFAAAAA
		SccLocalPath24 = http://localhost/SuperPagAdm/
		SccProjectEnlistmentChoice24 = 2
	EndGlobalSection
	GlobalSection(SolutionConfigurationPlatforms) = preSolution
		Debug|.NET = Debug|.NET
		Debug|Any CPU = Debug|Any CPU
		Debug|Mixed Platforms = Debug|Mixed Platforms
		Release|.NET = Release|.NET
		Release|Any CPU = Release|Any CPU
		Release|Mixed Platforms = Release|Mixed Platforms
	EndGlobalSection
	GlobalSection(ProjectConfigurationPlatforms) = postSolution
		{E95DEDC1-0E46-4194-8280-069E9C8B9353}.Debug|.NET.ActiveCfg = Debug|Any CPU
		{E95DEDC1-0E46-4194-8280-069E9C8B9353}.Debug|Any CPU.ActiveCfg = Debug|Any CPU
		{E95DEDC1-0E46-4194-8280-069E9C8B9353}.Debug|Any CPU.Build.0 = Debug|Any CPU
		{E95DEDC1-0E46-4194-8280-069E9C8B9353}.Debug|Mixed Platforms.ActiveCfg = Debug|Any CPU
		{E95DEDC1-0E46-4194-8280-069E9C8B9353}.Debug|Mixed Platforms.Build.0 = Debug|Any CPU
		{E95DEDC1-0E46-4194-8280-069E9C8B9353}.Release|.NET.ActiveCfg = Release|Any CPU
		{E95DEDC1-0E46-4194-8280-069E9C8B9353}.Release|Any CPU.ActiveCfg = Release|Any CPU
		{E95DEDC1-0E46-4194-8280-069E9C8B9353}.Release|Any CPU.Build.0 = Release|Any CPU
		{E95DEDC1-0E46-4194-8280-069E9C8B9353}.Release|Mixed Platforms.ActiveCfg = Release|Any CPU
		{E95DEDC1-0E46-4194-8280-069E9C8B9353}.Release|Mixed Platforms.Build.0 = Release|Any CPU
		{E9690A2C-0AAE-4337-85F3-B923887130DF}.Debug|.NET.ActiveCfg = Debug|Any CPU
		{E9690A2C-0AAE-4337-85F3-B923887130DF}.Debug|Any CPU.ActiveCfg = Debug|Any CPU
		{E9690A2C-0AAE-4337-85F3-B923887130DF}.Debug|Any CPU.Build.0 = Debug|Any CPU
		{E9690A2C-0AAE-4337-85F3-B923887130DF}.Debug|Mixed Platforms.ActiveCfg = Debug|Any CPU
		{E9690A2C-0AAE-4337-85F3-B923887130DF}.Debug|Mixed Platforms.Build.0 = Debug|Any CPU
		{E9690A2C-0AAE-4337-85F3-B923887130DF}.Release|.NET.ActiveCfg = Release|Any CPU
		{E9690A2C-0AAE-4337-85F3-B923887130DF}.Release|Any CPU.ActiveCfg = Release|Any CPU
		{E9690A2C-0AAE-4337-85F3-B923887130DF}.Release|Any CPU.Build.0 = Release|Any CPU
		{E9690A2C-0AAE-4337-85F3-B923887130DF}.Release|Mixed Platforms.ActiveCfg = Release|Any CPU
		{FC32C14C-F516-4BC2-88CC-C500F70FF278}.Debug|.NET.ActiveCfg = Debug|Any CPU
		{FC32C14C-F516-4BC2-88CC-C500F70FF278}.Debug|Any CPU.ActiveCfg = Debug|Any CPU
		{FC32C14C-F516-4BC2-88CC-C500F70FF278}.Debug|Any CPU.Build.0 = Debug|Any CPU
		{FC32C14C-F516-4BC2-88CC-C500F70FF278}.Debug|Mixed Platforms.ActiveCfg = Debug|Any CPU
		{FC32C14C-F516-4BC2-88CC-C500F70FF278}.Debug|Mixed Platforms.Build.0 = Debug|Any CPU
		{FC32C14C-F516-4BC2-88CC-C500F70FF278}.Release|.NET.ActiveCfg = Release|Any CPU
		{FC32C14C-F516-4BC2-88CC-C500F70FF278}.Release|Any CPU.ActiveCfg = Release|Any CPU
		{FC32C14C-F516-4BC2-88CC-C500F70FF278}.Release|Any CPU.Build.0 = Release|Any CPU
		{FC32C14C-F516-4BC2-88CC-C500F70FF278}.Release|Mixed Platforms.ActiveCfg = Release|Any CPU
		{FC32C14C-F516-4BC2-88CC-C500F70FF278}.Release|Mixed Platforms.Build.0 = Release|Any CPU
		{8AEBDCC0-5A84-4CD1-A88A-F51469C207C3}.Debug|.NET.ActiveCfg = Debug|.NET
		{8AEBDCC0-5A84-4CD1-A88A-F51469C207C3}.Debug|.NET.Build.0 = Debug|.NET
		{8AEBDCC0-5A84-4CD1-A88A-F51469C207C3}.Debug|Any CPU.ActiveCfg = Debug|.NET
		{8AEBDCC0-5A84-4CD1-A88A-F51469C207C3}.Debug|Mixed Platforms.ActiveCfg = Debug|.NET
		{8AEBDCC0-5A84-4CD1-A88A-F51469C207C3}.Release|.NET.ActiveCfg = Debug|.NET
		{8AEBDCC0-5A84-4CD1-A88A-F51469C207C3}.Release|.NET.Build.0 = Debug|.NET
		{8AEBDCC0-5A84-4CD1-A88A-F51469C207C3}.Release|Any CPU.ActiveCfg = Debug|.NET
		{8AEBDCC0-5A84-4CD1-A88A-F51469C207C3}.Release|Mixed Platforms.ActiveCfg = Debug|.NET
		{37987A6D-86DB-44AC-A60C-BEF77FB7CCB6}.Debug|.NET.ActiveCfg = Debug|.NET
		{37987A6D-86DB-44AC-A60C-BEF77FB7CCB6}.Debug|.NET.Build.0 = Debug|.NET
		{37987A6D-86DB-44AC-A60C-BEF77FB7CCB6}.Debug|Any CPU.ActiveCfg = Debug|.NET
		{37987A6D-86DB-44AC-A60C-BEF77FB7CCB6}.Debug|Mixed Platforms.ActiveCfg = Debug|.NET
		{37987A6D-86DB-44AC-A60C-BEF77FB7CCB6}.Release|.NET.ActiveCfg = Debug|.NET
		{37987A6D-86DB-44AC-A60C-BEF77FB7CCB6}.Release|.NET.Build.0 = Debug|.NET
		{37987A6D-86DB-44AC-A60C-BEF77FB7CCB6}.Release|Any CPU.ActiveCfg = Debug|.NET
		{37987A6D-86DB-44AC-A60C-BEF77FB7CCB6}.Release|Mixed Platforms.ActiveCfg = Debug|.NET
		{256AFE1F-93C2-4E51-BEFC-7060383A4544}.Debug|.NET.ActiveCfg = Debug|.NET
		{256AFE1F-93C2-4E51-BEFC-7060383A4544}.Debug|.NET.Build.0 = Debug|.NET
		{256AFE1F-93C2-4E51-BEFC-7060383A4544}.Debug|Any CPU.ActiveCfg = Debug|.NET
		{256AFE1F-93C2-4E51-BEFC-7060383A4544}.Debug|Mixed Platforms.ActiveCfg = Debug|.NET
		{256AFE1F-93C2-4E51-BEFC-7060383A4544}.Release|.NET.ActiveCfg = Debug|.NET
		{256AFE1F-93C2-4E51-BEFC-7060383A4544}.Release|.NET.Build.0 = Debug|.NET
		{256AFE1F-93C2-4E51-BEFC-7060383A4544}.Release|Any CPU.ActiveCfg = Debug|.NET
		{256AFE1F-93C2-4E51-BEFC-7060383A4544}.Release|Mixed Platforms.ActiveCfg = Debug|.NET
		{256AFE1F-93C2-4E51-BEFC-7060383A4544}.Release|Mixed Platforms.Build.0 = Debug|.NET
		{D10ED988-9742-454D-8201-E6732A4F2F3F}.Debug|.NET.ActiveCfg = Debug|.NET
		{D10ED988-9742-454D-8201-E6732A4F2F3F}.Debug|.NET.Build.0 = Debug|.NET
		{D10ED988-9742-454D-8201-E6732A4F2F3F}.Debug|Any CPU.ActiveCfg = Debug|.NET
		{D10ED988-9742-454D-8201-E6732A4F2F3F}.Debug|Mixed Platforms.ActiveCfg = Debug|.NET
		{D10ED988-9742-454D-8201-E6732A4F2F3F}.Debug|Mixed Platforms.Build.0 = Debug|.NET
		{D10ED988-9742-454D-8201-E6732A4F2F3F}.Release|.NET.ActiveCfg = Debug|.NET
		{D10ED988-9742-454D-8201-E6732A4F2F3F}.Release|.NET.Build.0 = Debug|.NET
		{D10ED988-9742-454D-8201-E6732A4F2F3F}.Release|Any CPU.ActiveCfg = Debug|.NET
		{D10ED988-9742-454D-8201-E6732A4F2F3F}.Release|Mixed Platforms.ActiveCfg = Debug|.NET
		{16D71632-35FE-4DAA-B089-58002D309B7C}.Debug|.NET.ActiveCfg = Debug|Any CPU
		{16D71632-35FE-4DAA-B089-58002D309B7C}.Debug|Any CPU.ActiveCfg = Debug|Any CPU
		{16D71632-35FE-4DAA-B089-58002D309B7C}.Debug|Any CPU.Build.0 = Debug|Any CPU
		{16D71632-35FE-4DAA-B089-58002D309B7C}.Debug|Mixed Platforms.ActiveCfg = Debug|Any CPU
		{16D71632-35FE-4DAA-B089-58002D309B7C}.Release|.NET.ActiveCfg = Release|Any CPU
		{16D71632-35FE-4DAA-B089-58002D309B7C}.Release|Any CPU.ActiveCfg = Release|Any CPU
		{16D71632-35FE-4DAA-B089-58002D309B7C}.Release|Any CPU.Build.0 = Release|Any CPU
		{16D71632-35FE-4DAA-B089-58002D309B7C}.Release|Mixed Platforms.ActiveCfg = Release|Any CPU
		{28456CD4-73FD-4ACC-AB9C-C2E9FD1323A3}.Debug|.NET.ActiveCfg = Debug|Any CPU
		{28456CD4-73FD-4ACC-AB9C-C2E9FD1323A3}.Debug|Any CPU.ActiveCfg = Debug|Any CPU
		{28456CD4-73FD-4ACC-AB9C-C2E9FD1323A3}.Debug|Any CPU.Build.0 = Debug|Any CPU
		{28456CD4-73FD-4ACC-AB9C-C2E9FD1323A3}.Debug|Mixed Platforms.ActiveCfg = Debug|Any CPU
		{28456CD4-73FD-4ACC-AB9C-C2E9FD1323A3}.Release|.NET.ActiveCfg = Release|Any CPU
		{28456CD4-73FD-4ACC-AB9C-C2E9FD1323A3}.Release|Any CPU.ActiveCfg = Release|Any CPU
		{28456CD4-73FD-4ACC-AB9C-C2E9FD1323A3}.Release|Any CPU.Build.0 = Release|Any CPU
		{28456CD4-73FD-4ACC-AB9C-C2E9FD1323A3}.Release|Mixed Platforms.ActiveCfg = Release|Any CPU
		{AB2451C6-3A27-46EA-B467-AC3009E9D3CF}.Debug|.NET.ActiveCfg = Debug|Any CPU
		{AB2451C6-3A27-46EA-B467-AC3009E9D3CF}.Debug|Any CPU.ActiveCfg = Debug|Any CPU
		{AB2451C6-3A27-46EA-B467-AC3009E9D3CF}.Debug|Any CPU.Build.0 = Debug|Any CPU
		{AB2451C6-3A27-46EA-B467-AC3009E9D3CF}.Debug|Mixed Platforms.ActiveCfg = Debug|Any CPU
		{AB2451C6-3A27-46EA-B467-AC3009E9D3CF}.Release|.NET.ActiveCfg = Release|Any CPU
		{AB2451C6-3A27-46EA-B467-AC3009E9D3CF}.Release|Any CPU.ActiveCfg = Release|Any CPU
		{AB2451C6-3A27-46EA-B467-AC3009E9D3CF}.Release|Any CPU.Build.0 = Release|Any CPU
		{AB2451C6-3A27-46EA-B467-AC3009E9D3CF}.Release|Mixed Platforms.ActiveCfg = Release|Any CPU
		{ED3D6883-DFB4-49F0-A333-A7919B4995F4}.Debug|.NET.ActiveCfg = Debug|Any CPU
		{ED3D6883-DFB4-49F0-A333-A7919B4995F4}.Debug|Any CPU.ActiveCfg = Debug|Any CPU
		{ED3D6883-DFB4-49F0-A333-A7919B4995F4}.Debug|Any CPU.Build.0 = Debug|Any CPU
		{ED3D6883-DFB4-49F0-A333-A7919B4995F4}.Debug|Mixed Platforms.ActiveCfg = Debug|Any CPU
		{ED3D6883-DFB4-49F0-A333-A7919B4995F4}.Release|.NET.ActiveCfg = Release|Any CPU
		{ED3D6883-DFB4-49F0-A333-A7919B4995F4}.Release|Any CPU.ActiveCfg = Release|Any CPU
		{ED3D6883-DFB4-49F0-A333-A7919B4995F4}.Release|Any CPU.Build.0 = Release|Any CPU
		{ED3D6883-DFB4-49F0-A333-A7919B4995F4}.Release|Mixed Platforms.ActiveCfg = Release|Any CPU
		{ABC67C6E-36B9-46C6-BAA1-D7932743D6C4}.Debug|.NET.ActiveCfg = Debug|Any CPU
		{ABC67C6E-36B9-46C6-BAA1-D7932743D6C4}.Debug|Any CPU.ActiveCfg = Debug|Any CPU
		{ABC67C6E-36B9-46C6-BAA1-D7932743D6C4}.Debug|Any CPU.Build.0 = Debug|Any CPU
		{ABC67C6E-36B9-46C6-BAA1-D7932743D6C4}.Debug|Mixed Platforms.ActiveCfg = Debug|Any CPU
		{ABC67C6E-36B9-46C6-BAA1-D7932743D6C4}.Debug|Mixed Platforms.Build.0 = Debug|Any CPU
		{ABC67C6E-36B9-46C6-BAA1-D7932743D6C4}.Release|.NET.ActiveCfg = Release|Any CPU
		{ABC67C6E-36B9-46C6-BAA1-D7932743D6C4}.Release|Any CPU.ActiveCfg = Release|Any CPU
		{ABC67C6E-36B9-46C6-BAA1-D7932743D6C4}.Release|Any CPU.Build.0 = Release|Any CPU
		{ABC67C6E-36B9-46C6-BAA1-D7932743D6C4}.Release|Mixed Platforms.ActiveCfg = Release|Any CPU
		{7F3074C5-75CE-46DE-A7A6-2DF279B5FC1C}.Debug|.NET.ActiveCfg = Debug|Any CPU
		{7F3074C5-75CE-46DE-A7A6-2DF279B5FC1C}.Debug|Any CPU.ActiveCfg = Debug|Any CPU
		{7F3074C5-75CE-46DE-A7A6-2DF279B5FC1C}.Debug|Any CPU.Build.0 = Debug|Any CPU
		{7F3074C5-75CE-46DE-A7A6-2DF279B5FC1C}.Debug|Mixed Platforms.ActiveCfg = Debug|Any CPU
		{7F3074C5-75CE-46DE-A7A6-2DF279B5FC1C}.Release|.NET.ActiveCfg = Release|Any CPU
		{7F3074C5-75CE-46DE-A7A6-2DF279B5FC1C}.Release|Any CPU.ActiveCfg = Release|Any CPU
		{7F3074C5-75CE-46DE-A7A6-2DF279B5FC1C}.Release|Any CPU.Build.0 = Release|Any CPU
		{7F3074C5-75CE-46DE-A7A6-2DF279B5FC1C}.Release|Mixed Platforms.ActiveCfg = Release|Any CPU
		{C57D4F51-D03D-421C-97C5-7873444D1CEA}.Debug|.NET.ActiveCfg = Debug|Any CPU
		{C57D4F51-D03D-421C-97C5-7873444D1CEA}.Debug|Any CPU.ActiveCfg = Debug|Any CPU
		{C57D4F51-D03D-421C-97C5-7873444D1CEA}.Debug|Any CPU.Build.0 = Debug|Any CPU
		{C57D4F51-D03D-421C-97C5-7873444D1CEA}.Debug|Mixed Platforms.ActiveCfg = Debug|Any CPU
		{C57D4F51-D03D-421C-97C5-7873444D1CEA}.Release|.NET.ActiveCfg = Release|Any CPU
		{C57D4F51-D03D-421C-97C5-7873444D1CEA}.Release|Any CPU.ActiveCfg = Release|Any CPU
		{C57D4F51-D03D-421C-97C5-7873444D1CEA}.Release|Any CPU.Build.0 = Release|Any CPU
		{C57D4F51-D03D-421C-97C5-7873444D1CEA}.Release|Mixed Platforms.ActiveCfg = Release|Any CPU
		{68BB731B-D175-496A-BC02-E60EE9CD6DBC}.Debug|.NET.ActiveCfg = Debug|Any CPU
		{68BB731B-D175-496A-BC02-E60EE9CD6DBC}.Debug|Any CPU.ActiveCfg = Debug|Any CPU
		{68BB731B-D175-496A-BC02-E60EE9CD6DBC}.Debug|Any CPU.Build.0 = Debug|Any CPU
		{68BB731B-D175-496A-BC02-E60EE9CD6DBC}.Debug|Mixed Platforms.ActiveCfg = Debug|Any CPU
		{68BB731B-D175-496A-BC02-E60EE9CD6DBC}.Release|.NET.ActiveCfg = Release|Any CPU
		{68BB731B-D175-496A-BC02-E60EE9CD6DBC}.Release|Any CPU.ActiveCfg = Release|Any CPU
		{68BB731B-D175-496A-BC02-E60EE9CD6DBC}.Release|Any CPU.Build.0 = Release|Any CPU
		{68BB731B-D175-496A-BC02-E60EE9CD6DBC}.Release|Mixed Platforms.ActiveCfg = Release|Any CPU
		{0E946E7F-6DD3-4C48-BE8A-BD7C0E864384}.Debug|.NET.ActiveCfg = Debug|Any CPU
		{0E946E7F-6DD3-4C48-BE8A-BD7C0E864384}.Debug|Any CPU.ActiveCfg = Debug|Any CPU
		{0E946E7F-6DD3-4C48-BE8A-BD7C0E864384}.Debug|Any CPU.Build.0 = Debug|Any CPU
		{0E946E7F-6DD3-4C48-BE8A-BD7C0E864384}.Debug|Mixed Platforms.ActiveCfg = Debug|Any CPU
		{0E946E7F-6DD3-4C48-BE8A-BD7C0E864384}.Release|.NET.ActiveCfg = Release|Any CPU
		{0E946E7F-6DD3-4C48-BE8A-BD7C0E864384}.Release|Any CPU.ActiveCfg = Release|Any CPU
		{0E946E7F-6DD3-4C48-BE8A-BD7C0E864384}.Release|Any CPU.Build.0 = Release|Any CPU
		{0E946E7F-6DD3-4C48-BE8A-BD7C0E864384}.Release|Mixed Platforms.ActiveCfg = Release|Any CPU
		{94ACA7C1-5080-400C-9B03-02E87DEF85A4}.Debug|.NET.ActiveCfg = Debug|Any CPU
		{94ACA7C1-5080-400C-9B03-02E87DEF85A4}.Debug|Any CPU.ActiveCfg = Debug|Any CPU
		{94ACA7C1-5080-400C-9B03-02E87DEF85A4}.Debug|Any CPU.Build.0 = Debug|Any CPU
		{94ACA7C1-5080-400C-9B03-02E87DEF85A4}.Debug|Mixed Platforms.ActiveCfg = Debug|Any CPU
		{94ACA7C1-5080-400C-9B03-02E87DEF85A4}.Release|.NET.ActiveCfg = Release|Any CPU
		{94ACA7C1-5080-400C-9B03-02E87DEF85A4}.Release|Any CPU.ActiveCfg = Release|Any CPU
		{94ACA7C1-5080-400C-9B03-02E87DEF85A4}.Release|Any CPU.Build.0 = Release|Any CPU
		{94ACA7C1-5080-400C-9B03-02E87DEF85A4}.Release|Mixed Platforms.ActiveCfg = Release|Any CPU
		{3B24ED20-45EF-4B05-A483-4EFE1BE59D2A}.Debug|.NET.ActiveCfg = Debug|Any CPU
		{3B24ED20-45EF-4B05-A483-4EFE1BE59D2A}.Debug|Any CPU.ActiveCfg = Debug|Any CPU
		{3B24ED20-45EF-4B05-A483-4EFE1BE59D2A}.Debug|Any CPU.Build.0 = Debug|Any CPU
		{3B24ED20-45EF-4B05-A483-4EFE1BE59D2A}.Debug|Mixed Platforms.ActiveCfg = Debug|Any CPU
		{3B24ED20-45EF-4B05-A483-4EFE1BE59D2A}.Release|.NET.ActiveCfg = Release|Any CPU
		{3B24ED20-45EF-4B05-A483-4EFE1BE59D2A}.Release|Any CPU.ActiveCfg = Release|Any CPU
		{3B24ED20-45EF-4B05-A483-4EFE1BE59D2A}.Release|Any CPU.Build.0 = Release|Any CPU
		{3B24ED20-45EF-4B05-A483-4EFE1BE59D2A}.Release|Mixed Platforms.ActiveCfg = Release|Any CPU
		{1D56588F-2BC2-41F2-A7F6-4B898722D6CA}.Debug|.NET.ActiveCfg = Debug|Any CPU
		{1D56588F-2BC2-41F2-A7F6-4B898722D6CA}.Debug|Any CPU.ActiveCfg = Debug|Any CPU
		{1D56588F-2BC2-41F2-A7F6-4B898722D6CA}.Debug|Any CPU.Build.0 = Debug|Any CPU
		{1D56588F-2BC2-41F2-A7F6-4B898722D6CA}.Debug|Mixed Platforms.ActiveCfg = Debug|Any CPU
		{1D56588F-2BC2-41F2-A7F6-4B898722D6CA}.Release|.NET.ActiveCfg = Release|Any CPU
		{1D56588F-2BC2-41F2-A7F6-4B898722D6CA}.Release|Any CPU.ActiveCfg = Release|Any CPU
		{1D56588F-2BC2-41F2-A7F6-4B898722D6CA}.Release|Any CPU.Build.0 = Release|Any CPU
		{1D56588F-2BC2-41F2-A7F6-4B898722D6CA}.Release|Mixed Platforms.ActiveCfg = Release|Any CPU
		{53DAA053-DE02-4585-AAEF-73CDF6CC945F}.Debug|.NET.ActiveCfg = Debug|.NET
		{53DAA053-DE02-4585-AAEF-73CDF6CC945F}.Debug|.NET.Build.0 = Debug|.NET
		{53DAA053-DE02-4585-AAEF-73CDF6CC945F}.Debug|Any CPU.ActiveCfg = Debug|.NET
		{53DAA053-DE02-4585-AAEF-73CDF6CC945F}.Debug|Mixed Platforms.ActiveCfg = Debug|.NET
		{53DAA053-DE02-4585-AAEF-73CDF6CC945F}.Debug|Mixed Platforms.Build.0 = Debug|.NET
		{53DAA053-DE02-4585-AAEF-73CDF6CC945F}.Release|.NET.ActiveCfg = Debug|.NET
		{53DAA053-DE02-4585-AAEF-73CDF6CC945F}.Release|.NET.Build.0 = Debug|.NET
		{53DAA053-DE02-4585-AAEF-73CDF6CC945F}.Release|Any CPU.ActiveCfg = Debug|.NET
		{53DAA053-DE02-4585-AAEF-73CDF6CC945F}.Release|Mixed Platforms.ActiveCfg = Debug|.NET
		{53DAA053-DE02-4585-AAEF-73CDF6CC945F}.Release|Mixed Platforms.Build.0 = Debug|.NET
		{9D510A88-3419-40A3-8BB6-CCA96B63804A}.Debug|.NET.ActiveCfg = Debug|Any CPU
		{9D510A88-3419-40A3-8BB6-CCA96B63804A}.Debug|Any CPU.ActiveCfg = Debug|Any CPU
		{9D510A88-3419-40A3-8BB6-CCA96B63804A}.Debug|Any CPU.Build.0 = Debug|Any CPU
		{9D510A88-3419-40A3-8BB6-CCA96B63804A}.Debug|Mixed Platforms.ActiveCfg = Debug|Any CPU
		{9D510A88-3419-40A3-8BB6-CCA96B63804A}.Release|.NET.ActiveCfg = Release|Any CPU
		{9D510A88-3419-40A3-8BB6-CCA96B63804A}.Release|Any CPU.ActiveCfg = Release|Any CPU
		{9D510A88-3419-40A3-8BB6-CCA96B63804A}.Release|Any CPU.Build.0 = Release|Any CPU
		{9D510A88-3419-40A3-8BB6-CCA96B63804A}.Release|Mixed Platforms.ActiveCfg = Release|Any CPU
		{9D510A88-3419-40A3-8BB6-CCA96B63804A}.Release|Mixed Platforms.Build.0 = Release|Any CPU
		{7B7966AC-FD89-4094-8D85-7A1BDBA415B8}.Debug|.NET.ActiveCfg = Debug|Any CPU
		{7B7966AC-FD89-4094-8D85-7A1BDBA415B8}.Debug|Any CPU.ActiveCfg = Debug|Any CPU
		{7B7966AC-FD89-4094-8D85-7A1BDBA415B8}.Debug|Any CPU.Build.0 = Debug|Any CPU
		{7B7966AC-FD89-4094-8D85-7A1BDBA415B8}.Debug|Mixed Platforms.ActiveCfg = Debug|Any CPU
		{7B7966AC-FD89-4094-8D85-7A1BDBA415B8}.Release|.NET.ActiveCfg = Release|Any CPU
		{7B7966AC-FD89-4094-8D85-7A1BDBA415B8}.Release|Any CPU.ActiveCfg = Release|Any CPU
		{7B7966AC-FD89-4094-8D85-7A1BDBA415B8}.Release|Any CPU.Build.0 = Release|Any CPU
		{7B7966AC-FD89-4094-8D85-7A1BDBA415B8}.Release|Mixed Platforms.ActiveCfg = Release|Any CPU
		{7B7966AC-FD89-4094-8D85-7A1BDBA415B8}.Release|Mixed Platforms.Build.0 = Release|Any CPU
		{3B32264F-E8D2-4081-B90A-D9ABFC9C2B6F}.Debug|.NET.ActiveCfg = Debug|Any CPU
		{3B32264F-E8D2-4081-B90A-D9ABFC9C2B6F}.Debug|Any CPU.ActiveCfg = Debug|Any CPU
		{3B32264F-E8D2-4081-B90A-D9ABFC9C2B6F}.Debug|Any CPU.Build.0 = Debug|Any CPU
		{3B32264F-E8D2-4081-B90A-D9ABFC9C2B6F}.Debug|Mixed Platforms.ActiveCfg = Debug|Any CPU
		{3B32264F-E8D2-4081-B90A-D9ABFC9C2B6F}.Release|.NET.ActiveCfg = Release|Any CPU
		{3B32264F-E8D2-4081-B90A-D9ABFC9C2B6F}.Release|Any CPU.ActiveCfg = Release|Any CPU
		{3B32264F-E8D2-4081-B90A-D9ABFC9C2B6F}.Release|Any CPU.Build.0 = Release|Any CPU
		{3B32264F-E8D2-4081-B90A-D9ABFC9C2B6F}.Release|Mixed Platforms.ActiveCfg = Release|Any CPU
		{3B32264F-E8D2-4081-B90A-D9ABFC9C2B6F}.Release|Mixed Platforms.Build.0 = Release|Any CPU
		{495742B1-8972-4085-B66A-C7BA5441EE7B}.Debug|.NET.ActiveCfg = Debug|Any CPU
		{495742B1-8972-4085-B66A-C7BA5441EE7B}.Debug|Any CPU.ActiveCfg = Debug|Any CPU
		{495742B1-8972-4085-B66A-C7BA5441EE7B}.Debug|Any CPU.Build.0 = Debug|Any CPU
		{495742B1-8972-4085-B66A-C7BA5441EE7B}.Debug|Mixed Platforms.ActiveCfg = Debug|Any CPU
		{495742B1-8972-4085-B66A-C7BA5441EE7B}.Release|.NET.ActiveCfg = Release|Any CPU
		{495742B1-8972-4085-B66A-C7BA5441EE7B}.Release|Any CPU.ActiveCfg = Release|Any CPU
		{495742B1-8972-4085-B66A-C7BA5441EE7B}.Release|Any CPU.Build.0 = Release|Any CPU
		{495742B1-8972-4085-B66A-C7BA5441EE7B}.Release|Mixed Platforms.ActiveCfg = Release|Any CPU
		{495742B1-8972-4085-B66A-C7BA5441EE7B}.Release|Mixed Platforms.Build.0 = Release|Any CPU
	EndGlobalSection
	GlobalSection(SolutionProperties) = preSolution
		HideSolutionNode = FALSE
	EndGlobalSection
	GlobalSection(NestedProjects) = preSolution
		{E9690A2C-0AAE-4337-85F3-B923887130DF} = {8930A251-494F-428B-8686-5832EBDDE85C}
		{FC32C14C-F516-4BC2-88CC-C500F70FF278} = {8930A251-494F-428B-8686-5832EBDDE85C}
		{E95DEDC1-0E46-4194-8280-069E9C8B9353} = {8930A251-494F-428B-8686-5832EBDDE85C}
		{37987A6D-86DB-44AC-A60C-BEF77FB7CCB6} = {17A318F0-BE1B-4F8B-A376-382BFF1AA65B}
		{256AFE1F-93C2-4E51-BEFC-7060383A4544} = {17A318F0-BE1B-4F8B-A376-382BFF1AA65B}
		{8AEBDCC0-5A84-4CD1-A88A-F51469C207C3} = {17A318F0-BE1B-4F8B-A376-382BFF1AA65B}
		{53DAA053-DE02-4585-AAEF-73CDF6CC945F} = {17A318F0-BE1B-4F8B-A376-382BFF1AA65B}
		{D10ED988-9742-454D-8201-E6732A4F2F3F} = {C31E9EDF-F5A4-41DA-A397-F981D8D061AC}
		{28456CD4-73FD-4ACC-AB9C-C2E9FD1323A3} = {17DEA47C-052A-46F1-8EAC-F82709C03387}
		{AB2451C6-3A27-46EA-B467-AC3009E9D3CF} = {17DEA47C-052A-46F1-8EAC-F82709C03387}
		{ED3D6883-DFB4-49F0-A333-A7919B4995F4} = {17DEA47C-052A-46F1-8EAC-F82709C03387}
		{ABC67C6E-36B9-46C6-BAA1-D7932743D6C4} = {17DEA47C-052A-46F1-8EAC-F82709C03387}
		{7F3074C5-75CE-46DE-A7A6-2DF279B5FC1C} = {17DEA47C-052A-46F1-8EAC-F82709C03387}
		{C57D4F51-D03D-421C-97C5-7873444D1CEA} = {17DEA47C-052A-46F1-8EAC-F82709C03387}
		{68BB731B-D175-496A-BC02-E60EE9CD6DBC} = {17DEA47C-052A-46F1-8EAC-F82709C03387}
		{0E946E7F-6DD3-4C48-BE8A-BD7C0E864384} = {17DEA47C-052A-46F1-8EAC-F82709C03387}
		{16D71632-35FE-4DAA-B089-58002D309B7C} = {17DEA47C-052A-46F1-8EAC-F82709C03387}
		{1D56588F-2BC2-41F2-A7F6-4B898722D6CA} = {17DEA47C-052A-46F1-8EAC-F82709C03387}
		{9D510A88-3419-40A3-8BB6-CCA96B63804A} = {17DEA47C-052A-46F1-8EAC-F82709C03387}
		{7B7966AC-FD89-4094-8D85-7A1BDBA415B8} = {17DEA47C-052A-46F1-8EAC-F82709C03387}
		{3B32264F-E8D2-4081-B90A-D9ABFC9C2B6F} = {17DEA47C-052A-46F1-8EAC-F82709C03387}
		{495742B1-8972-4085-B66A-C7BA5441EE7B} = {17DEA47C-052A-46F1-8EAC-F82709C03387}
		{94ACA7C1-5080-400C-9B03-02E87DEF85A4} = {C8B21078-766B-4B28-82B8-F787E8B65B39}
		{3B24ED20-45EF-4B05-A483-4EFE1BE59D2A} = {C8B21078-766B-4B28-82B8-F787E8B65B39}
	EndGlobalSection
EndGlobal
